
Microsoft Visual Studio Solution File, Format Version 12.00
# Visual Studio 15
VisualStudioVersion = 15.0.28010.2003
MinimumVisualStudioVersion = 10.0.40219.1
Project("{FAE04EC0-301F-11D3-BF4B-00C04F79EFBC}") = "ViewOnlyWPF", "ViewOnlyWPF\ViewOnlyWPF.csproj", "{1976808B-A49C-475B-9450-1B6A6120EB86}"
EndProject
Global
	GlobalSection(SolutionConfigurationPlatforms) = preSolution
		Debug|Any CPU = Debug|Any CPU
		Release|Any CPU = Release|Any CPU
	EndGlobalSection
	GlobalSection(ProjectConfigurationPlatforms) = postSolution
		{1976808B-A49C-475B-9450-1B6A6120EB86}.Debug|Any CPU.ActiveCfg = Debug|Any CPU
		{1976808B-A49C-475B-9450-1B6A6120EB86}.Debug|Any CPU.Build.0 = Debug|Any CPU
		{1976808B-A49C-475B-9450-1B6A6120EB86}.Release|Any CPU.ActiveCfg = Release|Any CPU
		{1976808B-A49C-475B-9450-1B6A6120EB86}.Release|Any CPU.Build.0 = Release|Any CPU
	EndGlobalSection
	GlobalSection(SolutionProperties) = preSolution
		HideSolutionNode = FALSE
	EndGlobalSection
	GlobalSection(ExtensibilityGlobals) = postSolution
		SolutionGuid = {A1DDC1F7-CF8D-47A9-8AB3-192AFB698ADF}
	EndGlobalSection
EndGlobal
